// !$*UTF8*$!
{
	archiveVersion = 1;
	classes = {
	};
	objectVersion = 55;
	objects = {

/* Begin PBXBuildFile section */
		3E4663822821AF11007106EA /* Eliassen_DemoApp.swift in Sources */ = {isa = PBXBuildFile; fileRef = 3E4663812821AF11007106EA /* Eliassen_DemoApp.swift */; };
		3E4663842821AF11007106EA /* ContentView.swift in Sources */ = {isa = PBXBuildFile; fileRef = 3E4663832821AF11007106EA /* ContentView.swift */; };
		3E4663862821AF12007106EA /* Assets.xcassets in Resources */ = {isa = PBXBuildFile; fileRef = 3E4663852821AF12007106EA /* Assets.xcassets */; };
		3E4663892821AF12007106EA /* Preview Assets.xcassets in Resources */ = {isa = PBXBuildFile; fileRef = 3E4663882821AF12007106EA /* Preview Assets.xcassets */; };
		3E4663922821AF2E007106EA /* ApiListView.swift in Sources */ = {isa = PBXBuildFile; fileRef = 3E4663912821AF2E007106EA /* ApiListView.swift */; };
		3E4663972821AFAE007106EA /* ApiListViewModel.swift in Sources */ = {isa = PBXBuildFile; fileRef = 3E4663962821AFAE007106EA /* ApiListViewModel.swift */; };
		3E4663992821B3C0007106EA /* ApiDetailView.swift in Sources */ = {isa = PBXBuildFile; fileRef = 3E4663982821B3BF007106EA /* ApiDetailView.swift */; };
		3E46639C2821BF65007106EA /* TappableTextView.swift in Sources */ = {isa = PBXBuildFile; fileRef = 3E46639B2821BF65007106EA /* TappableTextView.swift */; };
		3E4663A22821DCCF007106EA /* SignInView.swift in Sources */ = {isa = PBXBuildFile; fileRef = 3E4663A12821DCCF007106EA /* SignInView.swift */; };
		A20E04080266E140A8606A73 /* Pods_Eliassen_Demo.framework in Frameworks */ = {isa = PBXBuildFile; fileRef = 74B47D54DD37FEAD356E0810 /* Pods_Eliassen_Demo.framework */; };
		D0957B06292B2DE0000686A9 /* NetworkClient.swift in Sources */ = {isa = PBXBuildFile; fileRef = D0957B05292B2DE0000686A9 /* NetworkClient.swift */; };
		D0957B08292B2E40000686A9 /* PublicAPIRepository.swift in Sources */ = {isa = PBXBuildFile; fileRef = D0957B07292B2E40000686A9 /* PublicAPIRepository.swift */; };
		D0957B0A292B2EBC000686A9 /* NetworkRequestConfiguration.swift in Sources */ = {isa = PBXBuildFile; fileRef = D0957B09292B2EBC000686A9 /* NetworkRequestConfiguration.swift */; };
		D0957B0C292B3184000686A9 /* HTTPMethod.swift in Sources */ = {isa = PBXBuildFile; fileRef = D0957B0B292B3184000686A9 /* HTTPMethod.swift */; };
		D0957B0E292B342D000686A9 /* CommonError.swift in Sources */ = {isa = PBXBuildFile; fileRef = D0957B0D292B342D000686A9 /* CommonError.swift */; };
		D0957B10292B3C1C000686A9 /* MyError.swift in Sources */ = {isa = PBXBuildFile; fileRef = D0957B0F292B3C1C000686A9 /* MyError.swift */; };
		D0957B12292C828D000686A9 /* APICategory.swift in Sources */ = {isa = PBXBuildFile; fileRef = D0957B11292C828D000686A9 /* APICategory.swift */; };
		D0957B14292C8652000686A9 /* AlertDataSource.swift in Sources */ = {isa = PBXBuildFile; fileRef = D0957B13292C8652000686A9 /* AlertDataSource.swift */; };
/* End PBXBuildFile section */

/* Begin PBXFileReference section */
		3E46637E2821AF11007106EA /* Eliassen Demo.app */ = {isa = PBXFileReference; explicitFileType = wrapper.application; includeInIndex = 0; path = "Eliassen Demo.app"; sourceTree = BUILT_PRODUCTS_DIR; };
		3E4663812821AF11007106EA /* Eliassen_DemoApp.swift */ = {isa = PBXFileReference; lastKnownFileType = sourcecode.swift; path = Eliassen_DemoApp.swift; sourceTree = "<group>"; };
		3E4663832821AF11007106EA /* ContentView.swift */ = {isa = PBXFileReference; lastKnownFileType = sourcecode.swift; path = ContentView.swift; sourceTree = "<group>"; };
		3E4663852821AF12007106EA /* Assets.xcassets */ = {isa = PBXFileReference; lastKnownFileType = folder.assetcatalog; path = Assets.xcassets; sourceTree = "<group>"; };
		3E4663882821AF12007106EA /* Preview Assets.xcassets */ = {isa = PBXFileReference; lastKnownFileType = folder.assetcatalog; path = "Preview Assets.xcassets"; sourceTree = "<group>"; };
		3E4663912821AF2E007106EA /* ApiListView.swift */ = {isa = PBXFileReference; lastKnownFileType = sourcecode.swift; path = ApiListView.swift; sourceTree = "<group>"; };
		3E4663962821AFAE007106EA /* ApiListViewModel.swift */ = {isa = PBXFileReference; lastKnownFileType = sourcecode.swift; path = ApiListViewModel.swift; sourceTree = "<group>"; };
		3E4663982821B3BF007106EA /* ApiDetailView.swift */ = {isa = PBXFileReference; lastKnownFileType = sourcecode.swift; path = ApiDetailView.swift; sourceTree = "<group>"; };
		3E46639B2821BF65007106EA /* TappableTextView.swift */ = {isa = PBXFileReference; lastKnownFileType = sourcecode.swift; path = TappableTextView.swift; sourceTree = "<group>"; };
		3E4663A12821DCCF007106EA /* SignInView.swift */ = {isa = PBXFileReference; lastKnownFileType = sourcecode.swift; path = SignInView.swift; sourceTree = "<group>"; };
		74B47D54DD37FEAD356E0810 /* Pods_Eliassen_Demo.framework */ = {isa = PBXFileReference; explicitFileType = wrapper.framework; includeInIndex = 0; path = Pods_Eliassen_Demo.framework; sourceTree = BUILT_PRODUCTS_DIR; };
		D0957B05292B2DE0000686A9 /* NetworkClient.swift */ = {isa = PBXFileReference; lastKnownFileType = sourcecode.swift; path = NetworkClient.swift; sourceTree = "<group>"; };
		D0957B07292B2E40000686A9 /* PublicAPIRepository.swift */ = {isa = PBXFileReference; lastKnownFileType = sourcecode.swift; path = PublicAPIRepository.swift; sourceTree = "<group>"; };
		D0957B09292B2EBC000686A9 /* NetworkRequestConfiguration.swift */ = {isa = PBXFileReference; lastKnownFileType = sourcecode.swift; path = NetworkRequestConfiguration.swift; sourceTree = "<group>"; };
		D0957B0B292B3184000686A9 /* HTTPMethod.swift */ = {isa = PBXFileReference; lastKnownFileType = sourcecode.swift; path = HTTPMethod.swift; sourceTree = "<group>"; };
		D0957B0D292B342D000686A9 /* CommonError.swift */ = {isa = PBXFileReference; lastKnownFileType = sourcecode.swift; path = CommonError.swift; sourceTree = "<group>"; };
		D0957B0F292B3C1C000686A9 /* MyError.swift */ = {isa = PBXFileReference; lastKnownFileType = sourcecode.swift; path = MyError.swift; sourceTree = "<group>"; };
		D0957B11292C828D000686A9 /* APICategory.swift */ = {isa = PBXFileReference; lastKnownFileType = sourcecode.swift; path = APICategory.swift; sourceTree = "<group>"; };
		D0957B13292C8652000686A9 /* AlertDataSource.swift */ = {isa = PBXFileReference; lastKnownFileType = sourcecode.swift; path = AlertDataSource.swift; sourceTree = "<group>"; };
		D7F793598025F1C8A5C23D85 /* Pods-Eliassen Demo.debug.xcconfig */ = {isa = PBXFileReference; includeInIndex = 1; lastKnownFileType = text.xcconfig; name = "Pods-Eliassen Demo.debug.xcconfig"; path = "Target Support Files/Pods-Eliassen Demo/Pods-Eliassen Demo.debug.xcconfig"; sourceTree = "<group>"; };
		DAA95E62FB9C4462F21141E0 /* Pods-Eliassen Demo.release.xcconfig */ = {isa = PBXFileReference; includeInIndex = 1; lastKnownFileType = text.xcconfig; name = "Pods-Eliassen Demo.release.xcconfig"; path = "Target Support Files/Pods-Eliassen Demo/Pods-Eliassen Demo.release.xcconfig"; sourceTree = "<group>"; };
/* End PBXFileReference section */

/* Begin PBXFrameworksBuildPhase section */
		3E46637B2821AF11007106EA /* Frameworks */ = {
			isa = PBXFrameworksBuildPhase;
			buildActionMask = 2147483647;
			files = (
				A20E04080266E140A8606A73 /* Pods_Eliassen_Demo.framework in Frameworks */,
			);
			runOnlyForDeploymentPostprocessing = 0;
		};
/* End PBXFrameworksBuildPhase section */

/* Begin PBXGroup section */
		3E4663752821AF11007106EA = {
			isa = PBXGroup;
			children = (
				3E4663802821AF11007106EA /* Eliassen Demo */,
				3E46637F2821AF11007106EA /* Products */,
				DE75C289203F59596D36CB32 /* Pods */,
				9BD8C7DE3DF38E50570C39D6 /* Frameworks */,
			);
			sourceTree = "<group>";
		};
		3E46637F2821AF11007106EA /* Products */ = {
			isa = PBXGroup;
			children = (
				3E46637E2821AF11007106EA /* Eliassen Demo.app */,
			);
			name = Products;
			sourceTree = "<group>";
		};
		3E4663802821AF11007106EA /* Eliassen Demo */ = {
			isa = PBXGroup;
			children = (
				D0957B04292B2DD7000686A9 /* Network */,
				D0957B03292B2D54000686A9 /* ApiList */,
				3E4663902821AF26007106EA /* Views */,
				3E4663812821AF11007106EA /* Eliassen_DemoApp.swift */,
				3E4663832821AF11007106EA /* ContentView.swift */,
				3E4663852821AF12007106EA /* Assets.xcassets */,
				3E4663872821AF12007106EA /* Preview Content */,
				D0957B0D292B342D000686A9 /* CommonError.swift */,
				D0957B0F292B3C1C000686A9 /* MyError.swift */,
				D0957B13292C8652000686A9 /* AlertDataSource.swift */,
			);
			path = "Eliassen Demo";
			sourceTree = "<group>";
		};
		3E4663872821AF12007106EA /* Preview Content */ = {
			isa = PBXGroup;
			children = (
				3E4663882821AF12007106EA /* Preview Assets.xcassets */,
			);
			path = "Preview Content";
			sourceTree = "<group>";
		};
		3E4663902821AF26007106EA /* Views */ = {
			isa = PBXGroup;
			children = (
				3E4663982821B3BF007106EA /* ApiDetailView.swift */,
				3E46639B2821BF65007106EA /* TappableTextView.swift */,
				3E4663A12821DCCF007106EA /* SignInView.swift */,
			);
			path = Views;
			sourceTree = "<group>";
		};
		9BD8C7DE3DF38E50570C39D6 /* Frameworks */ = {
			isa = PBXGroup;
			children = (
				74B47D54DD37FEAD356E0810 /* Pods_Eliassen_Demo.framework */,
			);
			name = Frameworks;
			sourceTree = "<group>";
		};
		D0957B03292B2D54000686A9 /* ApiList */ = {
			isa = PBXGroup;
			children = (
				3E4663962821AFAE007106EA /* ApiListViewModel.swift */,
				3E4663912821AF2E007106EA /* ApiListView.swift */,
				D0957B07292B2E40000686A9 /* PublicAPIRepository.swift */,
				D0957B11292C828D000686A9 /* APICategory.swift */,
			);
			path = ApiList;
			sourceTree = "<group>";
		};
		D0957B04292B2DD7000686A9 /* Network */ = {
			isa = PBXGroup;
			children = (
				D0957B05292B2DE0000686A9 /* NetworkClient.swift */,
				D0957B09292B2EBC000686A9 /* NetworkRequestConfiguration.swift */,
				D0957B0B292B3184000686A9 /* HTTPMethod.swift */,
			);
			path = Network;
			sourceTree = "<group>";
		};
		DE75C289203F59596D36CB32 /* Pods */ = {
			isa = PBXGroup;
			children = (
				D7F793598025F1C8A5C23D85 /* Pods-Eliassen Demo.debug.xcconfig */,
				DAA95E62FB9C4462F21141E0 /* Pods-Eliassen Demo.release.xcconfig */,
			);
			path = Pods;
			sourceTree = "<group>";
		};
/* End PBXGroup section */

/* Begin PBXNativeTarget section */
		3E46637D2821AF11007106EA /* Eliassen Demo */ = {
			isa = PBXNativeTarget;
			buildConfigurationList = 3E46638C2821AF12007106EA /* Build configuration list for PBXNativeTarget "Eliassen Demo" */;
			buildPhases = (
				1357B89697517BBBBB157513 /* [CP] Check Pods Manifest.lock */,
				3E46637A2821AF11007106EA /* Sources */,
				3E46637B2821AF11007106EA /* Frameworks */,
				3E46637C2821AF11007106EA /* Resources */,
			);
			buildRules = (
			);
			dependencies = (
			);
			name = "Eliassen Demo";
			productName = "Eliassen Demo";
			productReference = 3E46637E2821AF11007106EA /* Eliassen Demo.app */;
			productType = "com.apple.product-type.application";
		};
/* End PBXNativeTarget section */

/* Begin PBXProject section */
		3E4663762821AF11007106EA /* Project object */ = {
			isa = PBXProject;
			attributes = {
				BuildIndependentTargetsInParallel = 1;
				LastSwiftUpdateCheck = 1330;
				LastUpgradeCheck = 1330;
				TargetAttributes = {
					3E46637D2821AF11007106EA = {
						CreatedOnToolsVersion = 13.3.1;
					};
				};
			};
			buildConfigurationList = 3E4663792821AF11007106EA /* Build configuration list for PBXProject "Eliassen Demo" */;
			compatibilityVersion = "Xcode 13.0";
			developmentRegion = en;
			hasScannedForEncodings = 0;
			knownRegions = (
				en,
				Base,
			);
			mainGroup = 3E4663752821AF11007106EA;
			productRefGroup = 3E46637F2821AF11007106EA /* Products */;
			projectDirPath = "";
			projectRoot = "";
			targets = (
				3E46637D2821AF11007106EA /* Eliassen Demo */,
			);
		};
/* End PBXProject section */

/* Begin PBXResourcesBuildPhase section */
		3E46637C2821AF11007106EA /* Resources */ = {
			isa = PBXResourcesBuildPhase;
			buildActionMask = 2147483647;
			files = (
				3E4663892821AF12007106EA /* Preview Assets.xcassets in Resources */,
				3E4663862821AF12007106EA /* Assets.xcassets in Resources */,
			);
			runOnlyForDeploymentPostprocessing = 0;
		};
/* End PBXResourcesBuildPhase section */

/* Begin PBXShellScriptBuildPhase section */
		1357B89697517BBBBB157513 /* [CP] Check Pods Manifest.lock */ = {
			isa = PBXShellScriptBuildPhase;
			buildActionMask = 2147483647;
			files = (
			);
			inputFileListPaths = (
			);
			inputPaths = (
				"${PODS_PODFILE_DIR_PATH}/Podfile.lock",
				"${PODS_ROOT}/Manifest.lock",
			);
			name = "[CP] Check Pods Manifest.lock";
			outputFileListPaths = (
			);
			outputPaths = (
				"$(DERIVED_FILE_DIR)/Pods-Eliassen Demo-checkManifestLockResult.txt",
			);
			runOnlyForDeploymentPostprocessing = 0;
			shellPath = /bin/sh;
			shellScript = "diff \"${PODS_PODFILE_DIR_PATH}/Podfile.lock\" \"${PODS_ROOT}/Manifest.lock\" > /dev/null\nif [ $? != 0 ] ; then\n    # print error to STDERR\n    echo \"error: The sandbox is not in sync with the Podfile.lock. Run 'pod install' or update your CocoaPods installation.\" >&2\n    exit 1\nfi\n# This output is used by Xcode 'outputs' to avoid re-running this script phase.\necho \"SUCCESS\" > \"${SCRIPT_OUTPUT_FILE_0}\"\n";
			showEnvVarsInLog = 0;
		};
/* End PBXShellScriptBuildPhase section */

/* Begin PBXSourcesBuildPhase section */
		3E46637A2821AF11007106EA /* Sources */ = {
			isa = PBXSourcesBuildPhase;
			buildActionMask = 2147483647;
			files = (
				D0957B0A292B2EBC000686A9 /* NetworkRequestConfiguration.swift in Sources */,
				3E4663842821AF11007106EA /* ContentView.swift in Sources */,
				3E4663992821B3C0007106EA /* ApiDetailView.swift in Sources */,
				D0957B0E292B342D000686A9 /* CommonError.swift in Sources */,
				D0957B08292B2E40000686A9 /* PublicAPIRepository.swift in Sources */,
				D0957B14292C8652000686A9 /* AlertDataSource.swift in Sources */,
				3E4663822821AF11007106EA /* Eliassen_DemoApp.swift in Sources */,
				3E46639C2821BF65007106EA /* TappableTextView.swift in Sources */,
				D0957B06292B2DE0000686A9 /* NetworkClient.swift in Sources */,
				D0957B0C292B3184000686A9 /* HTTPMethod.swift in Sources */,
				3E4663972821AFAE007106EA /* ApiListViewModel.swift in Sources */,
				3E4663A22821DCCF007106EA /* SignInView.swift in Sources */,
				D0957B10292B3C1C000686A9 /* MyError.swift in Sources */,
				3E4663922821AF2E007106EA /* ApiListView.swift in Sources */,
				D0957B12292C828D000686A9 /* APICategory.swift in Sources */,
			);
			runOnlyForDeploymentPostprocessing = 0;
		};
/* End PBXSourcesBuildPhase section */

/* Begin XCBuildConfiguration section */
		3E46638A2821AF12007106EA /* Debug */ = {
			isa = XCBuildConfiguration;
			buildSettings = {
				ALWAYS_SEARCH_USER_PATHS = NO;
				CLANG_ANALYZER_NONNULL = YES;
				CLANG_ANALYZER_NUMBER_OBJECT_CONVERSION = YES_AGGRESSIVE;
				CLANG_CXX_LANGUAGE_STANDARD = "gnu++17";
				CLANG_ENABLE_MODULES = YES;
				CLANG_ENABLE_OBJC_ARC = YES;
				CLANG_ENABLE_OBJC_WEAK = YES;
				CLANG_WARN_BLOCK_CAPTURE_AUTORELEASING = YES;
				CLANG_WARN_BOOL_CONVERSION = YES;
				CLANG_WARN_COMMA = YES;
				CLANG_WARN_CONSTANT_CONVERSION = YES;
				CLANG_WARN_DEPRECATED_OBJC_IMPLEMENTATIONS = YES;
				CLANG_WARN_DIRECT_OBJC_ISA_USAGE = YES_ERROR;
				CLANG_WARN_DOCUMENTATION_COMMENTS = YES;
				CLANG_WARN_EMPTY_BODY = YES;
				CLANG_WARN_ENUM_CONVERSION = YES;
				CLANG_WARN_INFINITE_RECURSION = YES;
				CLANG_WARN_INT_CONVERSION = YES;
				CLANG_WARN_NON_LITERAL_NULL_CONVERSION = YES;
				CLANG_WARN_OBJC_IMPLICIT_RETAIN_SELF = YES;
				CLANG_WARN_OBJC_LITERAL_CONVERSION = YES;
				CLANG_WARN_OBJC_ROOT_CLASS = YES_ERROR;
				CLANG_WARN_QUOTED_INCLUDE_IN_FRAMEWORK_HEADER = YES;
				CLANG_WARN_RANGE_LOOP_ANALYSIS = YES;
				CLANG_WARN_STRICT_PROTOTYPES = YES;
				CLANG_WARN_SUSPICIOUS_MOVE = YES;
				CLANG_WARN_UNGUARDED_AVAILABILITY = YES_AGGRESSIVE;
				CLANG_WARN_UNREACHABLE_CODE = YES;
				CLANG_WARN__DUPLICATE_METHOD_MATCH = YES;
				COPY_PHASE_STRIP = NO;
				DEBUG_INFORMATION_FORMAT = dwarf;
				ENABLE_STRICT_OBJC_MSGSEND = YES;
				ENABLE_TESTABILITY = YES;
				GCC_C_LANGUAGE_STANDARD = gnu11;
				GCC_DYNAMIC_NO_PIC = NO;
				GCC_NO_COMMON_BLOCKS = YES;
				GCC_OPTIMIZATION_LEVEL = 0;
				GCC_PREPROCESSOR_DEFINITIONS = (
					"DEBUG=1",
					"$(inherited)",
				);
				GCC_WARN_64_TO_32_BIT_CONVERSION = YES;
				GCC_WARN_ABOUT_RETURN_TYPE = YES_ERROR;
				GCC_WARN_UNDECLARED_SELECTOR = YES;
				GCC_WARN_UNINITIALIZED_AUTOS = YES_AGGRESSIVE;
				GCC_WARN_UNUSED_FUNCTION = YES;
				GCC_WARN_UNUSED_VARIABLE = YES;
				IPHONEOS_DEPLOYMENT_TARGET = 15.4;
				MTL_ENABLE_DEBUG_INFO = INCLUDE_SOURCE;
				MTL_FAST_MATH = YES;
				ONLY_ACTIVE_ARCH = YES;
				SDKROOT = iphoneos;
				SWIFT_ACTIVE_COMPILATION_CONDITIONS = DEBUG;
				SWIFT_OPTIMIZATION_LEVEL = "-Onone";
			};
			name = Debug;
		};
		3E46638B2821AF12007106EA /* Release */ = {
			isa = XCBuildConfiguration;
			buildSettings = {
				ALWAYS_SEARCH_USER_PATHS = NO;
				CLANG_ANALYZER_NONNULL = YES;
				CLANG_ANALYZER_NUMBER_OBJECT_CONVERSION = YES_AGGRESSIVE;
				CLANG_CXX_LANGUAGE_STANDARD = "gnu++17";
				CLANG_ENABLE_MODULES = YES;
				CLANG_ENABLE_OBJC_ARC = YES;
				CLANG_ENABLE_OBJC_WEAK = YES;
				CLANG_WARN_BLOCK_CAPTURE_AUTORELEASING = YES;
				CLANG_WARN_BOOL_CONVERSION = YES;
				CLANG_WARN_COMMA = YES;
				CLANG_WARN_CONSTANT_CONVERSION = YES;
				CLANG_WARN_DEPRECATED_OBJC_IMPLEMENTATIONS = YES;
				CLANG_WARN_DIRECT_OBJC_ISA_USAGE = YES_ERROR;
				CLANG_WARN_DOCUMENTATION_COMMENTS = YES;
				CLANG_WARN_EMPTY_BODY = YES;
				CLANG_WARN_ENUM_CONVERSION = YES;
				CLANG_WARN_INFINITE_RECURSION = YES;
				CLANG_WARN_INT_CONVERSION = YES;
				CLANG_WARN_NON_LITERAL_NULL_CONVERSION = YES;
				CLANG_WARN_OBJC_IMPLICIT_RETAIN_SELF = YES;
				CLANG_WARN_OBJC_LITERAL_CONVERSION = YES;
				CLANG_WARN_OBJC_ROOT_CLASS = YES_ERROR;
				CLANG_WARN_QUOTED_INCLUDE_IN_FRAMEWORK_HEADER = YES;
				CLANG_WARN_RANGE_LOOP_ANALYSIS = YES;
				CLANG_WARN_STRICT_PROTOTYPES = YES;
				CLANG_WARN_SUSPICIOUS_MOVE = YES;
				CLANG_WARN_UNGUARDED_AVAILABILITY = YES_AGGRESSIVE;
				CLANG_WARN_UNREACHABLE_CODE = YES;
				CLANG_WARN__DUPLICATE_METHOD_MATCH = YES;
				COPY_PHASE_STRIP = NO;
				DEBUG_INFORMATION_FORMAT = "dwarf-with-dsym";
				ENABLE_NS_ASSERTIONS = NO;
				ENABLE_STRICT_OBJC_MSGSEND = YES;
				GCC_C_LANGUAGE_STANDARD = gnu11;
				GCC_NO_COMMON_BLOCKS = YES;
				GCC_WARN_64_TO_32_BIT_CONVERSION = YES;
				GCC_WARN_ABOUT_RETURN_TYPE = YES_ERROR;
				GCC_WARN_UNDECLARED_SELECTOR = YES;
				GCC_WARN_UNINITIALIZED_AUTOS = YES_AGGRESSIVE;
				GCC_WARN_UNUSED_FUNCTION = YES;
				GCC_WARN_UNUSED_VARIABLE = YES;
				IPHONEOS_DEPLOYMENT_TARGET = 15.4;
				MTL_ENABLE_DEBUG_INFO = NO;
				MTL_FAST_MATH = YES;
				SDKROOT = iphoneos;
				SWIFT_COMPILATION_MODE = wholemodule;
				SWIFT_OPTIMIZATION_LEVEL = "-O";
				VALIDATE_PRODUCT = YES;
			};
			name = Release;
		};
		3E46638D2821AF12007106EA /* Debug */ = {
			isa = XCBuildConfiguration;
			baseConfigurationReference = D7F793598025F1C8A5C23D85 /* Pods-Eliassen Demo.debug.xcconfig */;
			buildSettings = {
				ASSETCATALOG_COMPILER_APPICON_NAME = AppIcon;
				ASSETCATALOG_COMPILER_GLOBAL_ACCENT_COLOR_NAME = AccentColor;
				CODE_SIGN_STYLE = Automatic;
				CURRENT_PROJECT_VERSION = 1;
				DEVELOPMENT_ASSET_PATHS = "\"Eliassen Demo/Preview Content\"";
				DEVELOPMENT_TEAM = 4K8CM6SJDM;
				ENABLE_PREVIEWS = YES;
				GENERATE_INFOPLIST_FILE = YES;
				INFOPLIST_KEY_UIApplicationSceneManifest_Generation = YES;
				INFOPLIST_KEY_UIApplicationSupportsIndirectInputEvents = YES;
				INFOPLIST_KEY_UILaunchScreen_Generation = YES;
				INFOPLIST_KEY_UISupportedInterfaceOrientations_iPad = "UIInterfaceOrientationPortrait UIInterfaceOrientationPortraitUpsideDown UIInterfaceOrientationLandscapeLeft UIInterfaceOrientationLandscapeRight";
				INFOPLIST_KEY_UISupportedInterfaceOrientations_iPhone = "UIInterfaceOrientationPortrait UIInterfaceOrientationLandscapeLeft UIInterfaceOrientationLandscapeRight";
				LD_RUNPATH_SEARCH_PATHS = (
					"$(inherited)",
					"@executable_path/Frameworks",
				);
				MARKETING_VERSION = 1.0;
				PRODUCT_BUNDLE_IDENTIFIER = "com.tdevelop.Eliassen-Demo";
				PRODUCT_NAME = "$(TARGET_NAME)";
				SWIFT_EMIT_LOC_STRINGS = YES;
				SWIFT_VERSION = 5.0;
				TARGETED_DEVICE_FAMILY = "1,2";
			};
			name = Debug;
		};
		3E46638E2821AF12007106EA /* Release */ = {
			isa = XCBuildConfiguration;
			baseConfigurationReference = DAA95E62FB9C4462F21141E0 /* Pods-Eliassen Demo.release.xcconfig */;
			buildSettings = {
				ASSETCATALOG_COMPILER_APPICON_NAME = AppIcon;
				ASSETCATALOG_COMPILER_GLOBAL_ACCENT_COLOR_NAME = AccentColor;
				CODE_SIGN_STYLE = Automatic;
				CURRENT_PROJECT_VERSION = 1;
				DEVELOPMENT_ASSET_PATHS = "\"Eliassen Demo/Preview Content\"";
				DEVELOPMENT_TEAM = 4K8CM6SJDM;
				ENABLE_PREVIEWS = YES;
				GENERATE_INFOPLIST_FILE = YES;
				INFOPLIST_KEY_UIApplicationSceneManifest_Generation = YES;
				INFOPLIST_KEY_UIApplicationSupportsIndirectInputEvents = YES;
				INFOPLIST_KEY_UILaunchScreen_Generation = YES;
				INFOPLIST_KEY_UISupportedInterfaceOrientations_iPad = "UIInterfaceOrientationPortrait UIInterfaceOrientationPortraitUpsideDown UIInterfaceOrientationLandscapeLeft UIInterfaceOrientationLandscapeRight";
				INFOPLIST_KEY_UISupportedInterfaceOrientations_iPhone = "UIInterfaceOrientationPortrait UIInterfaceOrientationLandscapeLeft UIInterfaceOrientationLandscapeRight";
				LD_RUNPATH_SEARCH_PATHS = (
					"$(inherited)",
					"@executable_path/Frameworks",
				);
				MARKETING_VERSION = 1.0;
				PRODUCT_BUNDLE_IDENTIFIER = "com.tdevelop.Eliassen-Demo";
				PRODUCT_NAME = "$(TARGET_NAME)";
				SWIFT_EMIT_LOC_STRINGS = YES;
				SWIFT_VERSION = 5.0;
				TARGETED_DEVICE_FAMILY = "1,2";
			};
			name = Release;
		};
/* End XCBuildConfiguration section */

/* Begin XCConfigurationList section */
		3E4663792821AF11007106EA /* Build configuration list for PBXProject "Eliassen Demo" */ = {
			isa = XCConfigurationList;
			buildConfigurations = (
				3E46638A2821AF12007106EA /* Debug */,
				3E46638B2821AF12007106EA /* Release */,
			);
			defaultConfigurationIsVisible = 0;
			defaultConfigurationName = Release;
		};
		3E46638C2821AF12007106EA /* Build configuration list for PBXNativeTarget "Eliassen Demo" */ = {
			isa = XCConfigurationList;
			buildConfigurations = (
				3E46638D2821AF12007106EA /* Debug */,
				3E46638E2821AF12007106EA /* Release */,
			);
			defaultConfigurationIsVisible = 0;
			defaultConfigurationName = Release;
		};
/* End XCConfigurationList section */
	};
	rootObject = 3E4663762821AF11007106EA /* Project object */;
}
